
Microsoft Visual Studio Solution File, Format Version 12.00
# Visual Studio 14
VisualStudioVersion = 14.0.25420.1
MinimumVisualStudioVersion = 10.0.40219.1
Project("{FAE04EC0-301F-11D3-BF4B-00C04F79EFBC}") = "Elementool.Test", "Elementool.Test\Elementool.Test.csproj", "{056B1F5C-9EA2-4805-8228-B37ED22C92E9}"
EndProject
Project("{FAE04EC0-301F-11D3-BF4B-00C04F79EFBC}") = "ElementTool.WebApi", "ElementTool.WebApi\ElementTool.WebApi.csproj", "{4EC46944-AEEC-46FF-88F5-71B45C9B162B}"
EndProject
Project("{FAE04EC0-301F-11D3-BF4B-00C04F79EFBC}") = "Hangfire.Firebase", "..\HangFireBase\Hangfire.Firebase-master\Hangfire.Firebase\Hangfire.Firebase.csproj", "{0F3F1AF7-3C54-43B5-AD4E-005548BF9971}"
EndProject
Global
	GlobalSection(SolutionConfigurationPlatforms) = preSolution
		Debug|Any CPU = Debug|Any CPU
		Release|Any CPU = Release|Any CPU
	EndGlobalSection
	GlobalSection(ProjectConfigurationPlatforms) = postSolution
		{056B1F5C-9EA2-4805-8228-B37ED22C92E9}.Debug|Any CPU.ActiveCfg = Debug|Any CPU
		{056B1F5C-9EA2-4805-8228-B37ED22C92E9}.Debug|Any CPU.Build.0 = Debug|Any CPU
		{056B1F5C-9EA2-4805-8228-B37ED22C92E9}.Release|Any CPU.ActiveCfg = Release|Any CPU
		{056B1F5C-9EA2-4805-8228-B37ED22C92E9}.Release|Any CPU.Build.0 = Release|Any CPU
		{4EC46944-AEEC-46FF-88F5-71B45C9B162B}.Debug|Any CPU.ActiveCfg = Debug|Any CPU
		{4EC46944-AEEC-46FF-88F5-71B45C9B162B}.Debug|Any CPU.Build.0 = Debug|Any CPU
		{4EC46944-AEEC-46FF-88F5-71B45C9B162B}.Release|Any CPU.ActiveCfg = Release|Any CPU
		{4EC46944-AEEC-46FF-88F5-71B45C9B162B}.Release|Any CPU.Build.0 = Release|Any CPU
		{0F3F1AF7-3C54-43B5-AD4E-005548BF9971}.Debug|Any CPU.ActiveCfg = Debug|Any CPU
		{0F3F1AF7-3C54-43B5-AD4E-005548BF9971}.Debug|Any CPU.Build.0 = Debug|Any CPU
		{0F3F1AF7-3C54-43B5-AD4E-005548BF9971}.Release|Any CPU.ActiveCfg = Release|Any CPU
		{0F3F1AF7-3C54-43B5-AD4E-005548BF9971}.Release|Any CPU.Build.0 = Release|Any CPU
	EndGlobalSection
	GlobalSection(SolutionProperties) = preSolution
		HideSolutionNode = FALSE
	EndGlobalSection
EndGlobal
